
Microsoft Visual Studio Solution File, Format Version 12.00
# Visual Studio Version 17
VisualStudioVersion = 17.13.35617.110
MinimumVisualStudioVersion = 10.0.40219.1
Project("{FAE04EC0-301F-11D3-BF4B-00C04F79EFBC}") = "Ticketer.PL", "Ticketer.PL\Ticketer.PL.csproj", "{F42C722A-5BCA-4D8B-9943-637888B6BF1A}"
EndProject
Project("{FAE04EC0-301F-11D3-BF4B-00C04F79EFBC}") = "Ticketer.BLL", "Ticketer.BLL\Ticketer.BLL.csproj", "{ED688A6A-C711-4373-9023-7C3719FD1B76}"
EndProject
Project("{FAE04EC0-301F-11D3-BF4B-00C04F79EFBC}") = "Ticketer.DAL", "Ticketer.DAL\Ticketer.DAL.csproj", "{A6A91FEF-4554-43B6-9AB3-DB4784C6BFEF}"
EndProject
Global
	GlobalSection(SolutionConfigurationPlatforms) = preSolution
		Debug|Any CPU = Debug|Any CPU
		Release|Any CPU = Release|Any CPU
	EndGlobalSection
	GlobalSection(ProjectConfigurationPlatforms) = postSolution
		{F42C722A-5BCA-4D8B-9943-637888B6BF1A}.Debug|Any CPU.ActiveCfg = Debug|Any CPU
		{F42C722A-5BCA-4D8B-9943-637888B6BF1A}.Debug|Any CPU.Build.0 = Debug|Any CPU
		{F42C722A-5BCA-4D8B-9943-637888B6BF1A}.Release|Any CPU.ActiveCfg = Release|Any CPU
		{F42C722A-5BCA-4D8B-9943-637888B6BF1A}.Release|Any CPU.Build.0 = Release|Any CPU
		{ED688A6A-C711-4373-9023-7C3719FD1B76}.Debug|Any CPU.ActiveCfg = Debug|Any CPU
		{ED688A6A-C711-4373-9023-7C3719FD1B76}.Debug|Any CPU.Build.0 = Debug|Any CPU
		{ED688A6A-C711-4373-9023-7C3719FD1B76}.Release|Any CPU.ActiveCfg = Release|Any CPU
		{ED688A6A-C711-4373-9023-7C3719FD1B76}.Release|Any CPU.Build.0 = Release|Any CPU
		{A6A91FEF-4554-43B6-9AB3-DB4784C6BFEF}.Debug|Any CPU.ActiveCfg = Debug|Any CPU
		{A6A91FEF-4554-43B6-9AB3-DB4784C6BFEF}.Debug|Any CPU.Build.0 = Debug|Any CPU
		{A6A91FEF-4554-43B6-9AB3-DB4784C6BFEF}.Release|Any CPU.ActiveCfg = Release|Any CPU
		{A6A91FEF-4554-43B6-9AB3-DB4784C6BFEF}.Release|Any CPU.Build.0 = Release|Any CPU
	EndGlobalSection
	GlobalSection(SolutionProperties) = preSolution
		HideSolutionNode = FALSE
	EndGlobalSection
	GlobalSection(ExtensibilityGlobals) = postSolution
		SolutionGuid = {01EBECF1-B934-4BAD-89C1-FF73D2CA3C5C}
	EndGlobalSection
EndGlobal
